Microsoft Visual Studio Solution File, Format Version 10.00
# Visual Studio 2008
Project("{FAE04EC0-301F-11D3-BF4B-00C04F79EFBC}") = "Common", "Common\Common.csproj", "{8DC480C9-EFA5-4815-B444-45C6AA31A494}"
EndProject
Project("{FAE04EC0-301F-11D3-BF4B-00C04F79EFBC}") = "WebServiceProxy", "WebServiceProxy\WebServiceProxy.csproj", "{7B7A020D-90E2-4051-9C89-D62D2A4FED44}"
EndProject
Project("{FAE04EC0-301F-11D3-BF4B-00C04F79EFBC}") = "DAL", "DAL\DAL.csproj", "{AFCDD145-3133-4880-98FF-B3BDBD0EBDED}"
EndProject
Project("{FAE04EC0-301F-11D3-BF4B-00C04F79EFBC}") = "DataBus", "DataBuss\DataBus.csproj", "{B0BEF7E6-5A65-4D18-A3FD-6EDCB1CB854A}"
EndProject
Project("{FAE04EC0-301F-11D3-BF4B-00C04F79EFBC}") = "Recipe", "Recipe\Recipe.csproj", "{D289DAF7-CD18-448A-AAF9-C5E2FAEC06B3}"
EndProject
Project("{FAE04EC0-301F-11D3-BF4B-00C04F79EFBC}") = "ShareMemory", "ShareMemory\ShareMemory.csproj", "{827318D6-2B65-41F1-81CF-A3FBCBE57E41}"
EndProject
Project("{FAE04EC0-301F-11D3-BF4B-00C04F79EFBC}") = "DataInstaller", "DataInstaller\DataInstaller.csproj", "{2200B91A-DBBE-4F3F-B8EB-61FB7409ADEA}"
EndProject
Project("{FAE04EC0-301F-11D3-BF4B-00C04F79EFBC}") = "DDANavigator", "DDANavigator\DDANavigator.csproj", "{14D04ADC-A430-43ED-BC8A-457F409F7326}"
EndProject
Project("{FAE04EC0-301F-11D3-BF4B-00C04F79EFBC}") = "Export", "Export\Export.csproj", "{EBB5F644-D31C-4328-8A61-2392D9C940C0}"
EndProject
Project("{54435603-DBB4-11D2-8724-00A0C9A8B90C}") = "DDANavigatorSetup", "DDANavigatorSetup\DDANavigatorSetup.vdproj", "{A13C9FF7-296F-490A-BA14-7BEF2C266713}"
EndProject
Global
	GlobalSection(SolutionConfigurationPlatforms) = preSolution
		Debug|Any CPU = Debug|Any CPU
		Debug|x86 = Debug|x86
		Release|Any CPU = Release|Any CPU
		Release|x86 = Release|x86
	EndGlobalSection
	GlobalSection(ProjectConfigurationPlatforms) = postSolution
		{8DC480C9-EFA5-4815-B444-45C6AA31A494}.Debug|Any CPU.ActiveCfg = Debug|Any CPU
		{8DC480C9-EFA5-4815-B444-45C6AA31A494}.Debug|Any CPU.Build.0 = Debug|Any CPU
		{8DC480C9-EFA5-4815-B444-45C6AA31A494}.Debug|x86.ActiveCfg = Debug|x86
		{8DC480C9-EFA5-4815-B444-45C6AA31A494}.Debug|x86.Build.0 = Debug|x86
		{8DC480C9-EFA5-4815-B444-45C6AA31A494}.Release|Any CPU.ActiveCfg = Release|Any CPU
		{8DC480C9-EFA5-4815-B444-45C6AA31A494}.Release|Any CPU.Build.0 = Release|Any CPU
		{8DC480C9-EFA5-4815-B444-45C6AA31A494}.Release|x86.ActiveCfg = Release|x86
		{8DC480C9-EFA5-4815-B444-45C6AA31A494}.Release|x86.Build.0 = Release|x86
		{7B7A020D-90E2-4051-9C89-D62D2A4FED44}.Debug|Any CPU.ActiveCfg = Debug|Any CPU
		{7B7A020D-90E2-4051-9C89-D62D2A4FED44}.Debug|Any CPU.Build.0 = Debug|Any CPU
		{7B7A020D-90E2-4051-9C89-D62D2A4FED44}.Debug|x86.ActiveCfg = Debug|x86
		{7B7A020D-90E2-4051-9C89-D62D2A4FED44}.Debug|x86.Build.0 = Debug|x86
		{7B7A020D-90E2-4051-9C89-D62D2A4FED44}.Release|Any CPU.ActiveCfg = Release|Any CPU
		{7B7A020D-90E2-4051-9C89-D62D2A4FED44}.Release|Any CPU.Build.0 = Release|Any CPU
		{7B7A020D-90E2-4051-9C89-D62D2A4FED44}.Release|x86.ActiveCfg = Release|x86
		{7B7A020D-90E2-4051-9C89-D62D2A4FED44}.Release|x86.Build.0 = Release|x86
		{AFCDD145-3133-4880-98FF-B3BDBD0EBDED}.Debug|Any CPU.ActiveCfg = Debug|Any CPU
		{AFCDD145-3133-4880-98FF-B3BDBD0EBDED}.Debug|Any CPU.Build.0 = Debug|Any CPU
		{AFCDD145-3133-4880-98FF-B3BDBD0EBDED}.Debug|x86.ActiveCfg = Debug|x86
		{AFCDD145-3133-4880-98FF-B3BDBD0EBDED}.Debug|x86.Build.0 = Debug|x86
		{AFCDD145-3133-4880-98FF-B3BDBD0EBDED}.Release|Any CPU.ActiveCfg = Release|Any CPU
		{AFCDD145-3133-4880-98FF-B3BDBD0EBDED}.Release|Any CPU.Build.0 = Release|Any CPU
		{AFCDD145-3133-4880-98FF-B3BDBD0EBDED}.Release|x86.ActiveCfg = Release|x86
		{AFCDD145-3133-4880-98FF-B3BDBD0EBDED}.Release|x86.Build.0 = Release|x86
		{B0BEF7E6-5A65-4D18-A3FD-6EDCB1CB854A}.Debug|Any CPU.ActiveCfg = Debug|Any CPU
		{B0BEF7E6-5A65-4D18-A3FD-6EDCB1CB854A}.Debug|Any CPU.Build.0 = Debug|Any CPU
		{B0BEF7E6-5A65-4D18-A3FD-6EDCB1CB854A}.Debug|x86.ActiveCfg = Debug|x86
		{B0BEF7E6-5A65-4D18-A3FD-6EDCB1CB854A}.Debug|x86.Build.0 = Debug|x86
		{B0BEF7E6-5A65-4D18-A3FD-6EDCB1CB854A}.Release|Any CPU.ActiveCfg = Release|Any CPU
		{B0BEF7E6-5A65-4D18-A3FD-6EDCB1CB854A}.Release|Any CPU.Build.0 = Release|Any CPU
		{B0BEF7E6-5A65-4D18-A3FD-6EDCB1CB854A}.Release|x86.ActiveCfg = Release|x86
		{B0BEF7E6-5A65-4D18-A3FD-6EDCB1CB854A}.Release|x86.Build.0 = Release|x86
		{D289DAF7-CD18-448A-AAF9-C5E2FAEC06B3}.Debug|Any CPU.ActiveCfg = Debug|Any CPU
		{D289DAF7-CD18-448A-AAF9-C5E2FAEC06B3}.Debug|Any CPU.Build.0 = Debug|Any CPU
		{D289DAF7-CD18-448A-AAF9-C5E2FAEC06B3}.Debug|x86.ActiveCfg = Debug|x86
		{D289DAF7-CD18-448A-AAF9-C5E2FAEC06B3}.Debug|x86.Build.0 = Debug|x86
		{D289DAF7-CD18-448A-AAF9-C5E2FAEC06B3}.Release|Any CPU.ActiveCfg = Release|Any CPU
		{D289DAF7-CD18-448A-AAF9-C5E2FAEC06B3}.Release|Any CPU.Build.0 = Release|Any CPU
		{D289DAF7-CD18-448A-AAF9-C5E2FAEC06B3}.Release|x86.ActiveCfg = Release|x86
		{D289DAF7-CD18-448A-AAF9-C5E2FAEC06B3}.Release|x86.Build.0 = Release|x86
		{827318D6-2B65-41F1-81CF-A3FBCBE57E41}.Debug|Any CPU.ActiveCfg = Debug|Any CPU
		{827318D6-2B65-41F1-81CF-A3FBCBE57E41}.Debug|Any CPU.Build.0 = Debug|Any CPU
		{827318D6-2B65-41F1-81CF-A3FBCBE57E41}.Debug|x86.ActiveCfg = Debug|x86
		{827318D6-2B65-41F1-81CF-A3FBCBE57E41}.Debug|x86.Build.0 = Debug|x86
		{827318D6-2B65-41F1-81CF-A3FBCBE57E41}.Release|Any CPU.ActiveCfg = Release|Any CPU
		{827318D6-2B65-41F1-81CF-A3FBCBE57E41}.Release|Any CPU.Build.0 = Release|Any CPU
		{827318D6-2B65-41F1-81CF-A3FBCBE57E41}.Release|x86.ActiveCfg = Release|x86
		{827318D6-2B65-41F1-81CF-A3FBCBE57E41}.Release|x86.Build.0 = Release|x86
		{2200B91A-DBBE-4F3F-B8EB-61FB7409ADEA}.Debug|Any CPU.ActiveCfg = Debug|Any CPU
		{2200B91A-DBBE-4F3F-B8EB-61FB7409ADEA}.Debug|Any CPU.Build.0 = Debug|Any CPU
		{2200B91A-DBBE-4F3F-B8EB-61FB7409ADEA}.Debug|x86.ActiveCfg = Debug|x86
		{2200B91A-DBBE-4F3F-B8EB-61FB7409ADEA}.Debug|x86.Build.0 = Debug|x86
		{2200B91A-DBBE-4F3F-B8EB-61FB7409ADEA}.Release|Any CPU.ActiveCfg = Release|Any CPU
		{2200B91A-DBBE-4F3F-B8EB-61FB7409ADEA}.Release|Any CPU.Build.0 = Release|Any CPU
		{2200B91A-DBBE-4F3F-B8EB-61FB7409ADEA}.Release|x86.ActiveCfg = Release|x86
		{2200B91A-DBBE-4F3F-B8EB-61FB7409ADEA}.Release|x86.Build.0 = Release|x86
		{14D04ADC-A430-43ED-BC8A-457F409F7326}.Debug|Any CPU.ActiveCfg = Debug|Any CPU
		{14D04ADC-A430-43ED-BC8A-457F409F7326}.Debug|Any CPU.Build.0 = Debug|Any CPU
		{14D04ADC-A430-43ED-BC8A-457F409F7326}.Debug|x86.ActiveCfg = Debug|x86
		{14D04ADC-A430-43ED-BC8A-457F409F7326}.Debug|x86.Build.0 = Debug|x86
		{14D04ADC-A430-43ED-BC8A-457F409F7326}.Release|Any CPU.ActiveCfg = Release|Any CPU
		{14D04ADC-A430-43ED-BC8A-457F409F7326}.Release|Any CPU.Build.0 = Release|Any CPU
		{14D04ADC-A430-43ED-BC8A-457F409F7326}.Release|x86.ActiveCfg = Release|x86
		{14D04ADC-A430-43ED-BC8A-457F409F7326}.Release|x86.Build.0 = Release|x86
		{EBB5F644-D31C-4328-8A61-2392D9C940C0}.Debug|Any CPU.ActiveCfg = Debug|Any CPU
		{EBB5F644-D31C-4328-8A61-2392D9C940C0}.Debug|Any CPU.Build.0 = Debug|Any CPU
		{EBB5F644-D31C-4328-8A61-2392D9C940C0}.Debug|x86.ActiveCfg = Debug|x86
		{EBB5F644-D31C-4328-8A61-2392D9C940C0}.Debug|x86.Build.0 = Debug|x86
		{EBB5F644-D31C-4328-8A61-2392D9C940C0}.Release|Any CPU.ActiveCfg = Release|Any CPU
		{EBB5F644-D31C-4328-8A61-2392D9C940C0}.Release|Any CPU.Build.0 = Release|Any CPU
		{EBB5F644-D31C-4328-8A61-2392D9C940C0}.Release|x86.ActiveCfg = Release|x86
		{EBB5F644-D31C-4328-8A61-2392D9C940C0}.Release|x86.Build.0 = Release|x86
		{A13C9FF7-296F-490A-BA14-7BEF2C266713}.Debug|Any CPU.ActiveCfg = Debug
		{A13C9FF7-296F-490A-BA14-7BEF2C266713}.Debug|Any CPU.Build.0 = Debug
		{A13C9FF7-296F-490A-BA14-7BEF2C266713}.Debug|x86.ActiveCfg = Debug
		{A13C9FF7-296F-490A-BA14-7BEF2C266713}.Debug|x86.Build.0 = Debug
		{A13C9FF7-296F-490A-BA14-7BEF2C266713}.Release|Any CPU.ActiveCfg = Release
		{A13C9FF7-296F-490A-BA14-7BEF2C266713}.Release|Any CPU.Build.0 = Release
		{A13C9FF7-296F-490A-BA14-7BEF2C266713}.Release|x86.ActiveCfg = Release
		{A13C9FF7-296F-490A-BA14-7BEF2C266713}.Release|x86.Build.0 = Release
	EndGlobalSection
	GlobalSection(SolutionProperties) = preSolution
		HideSolutionNode = FALSE
	EndGlobalSection
EndGlobal
