Microsoft Visual Studio Solution File, Format Version 10.00
# Visual Studio 2008
Project("{FAE04EC0-301F-11D3-BF4B-00C04F79EFBC}") = "Common", "Common\Common.csproj", "{8DC480C9-EFA5-4815-B444-45C6AA31A494}"
EndProject
Project("{FAE04EC0-301F-11D3-BF4B-00C04F79EFBC}") = "WebServiceProxy", "WebServiceProxy\WebServiceProxy.csproj", "{7B7A020D-90E2-4051-9C89-D62D2A4FED44}"
EndProject
Project("{FAE04EC0-301F-11D3-BF4B-00C04F79EFBC}") = "DAL", "DAL\DAL.csproj", "{AFCDD145-3133-4880-98FF-B3BDBD0EBDED}"
EndProject
Project("{FAE04EC0-301F-11D3-BF4B-00C04F79EFBC}") = "DataBus", "DataBuss\DataBus.csproj", "{B0BEF7E6-5A65-4D18-A3FD-6EDCB1CB854A}"
EndProject
Project("{FAE04EC0-301F-11D3-BF4B-00C04F79EFBC}") = "Recipe", "Recipe\Recipe.csproj", "{D289DAF7-CD18-448A-AAF9-C5E2FAEC06B3}"
EndProject
Project("{FAE04EC0-301F-11D3-BF4B-00C04F79EFBC}") = "ShareMemory", "ShareMemory\ShareMemory.csproj", "{827318D6-2B65-41F1-81CF-A3FBCBE57E41}"
EndProject
Project("{FAE04EC0-301F-11D3-BF4B-00C04F79EFBC}") = "DDARecipe", "DDARecipe\DDARecipe.csproj", "{9D2FC614-3C1F-491D-92A8-7A2129A8E1F4}"
EndProject
Project("{FAE04EC0-301F-11D3-BF4B-00C04F79EFBC}") = "CreateDDADB", "CreateDatabase\CreateDDADB.csproj", "{F0D7F651-0339-4DDA-A79A-FEE02DC69723}"
EndProject
Project("{FAE04EC0-301F-11D3-BF4B-00C04F79EFBC}") = "DeleteDDADB", "DeleteDDADB\DeleteDDADB.csproj", "{097D408C-DCCB-41AA-9A17-A8AD6BEAF6F8}"
EndProject
Project("{FAE04EC0-301F-11D3-BF4B-00C04F79EFBC}") = "DDAWSTool", "DDAWSTool\DDAWSTool.csproj", "{B0B8495E-5106-46DD-A0CA-CCD4447DFC38}"
EndProject
Project("{54435603-DBB4-11D2-8724-00A0C9A8B90C}") = "DDAWebServiceSetup", "DDAWebServiceSetup\DDAWebServiceSetup.vdproj", "{C6108459-81E1-45B6-8B5E-011A8F2A5FFE}"
EndProject
Project("{54435603-DBB4-11D2-8724-00A0C9A8B90C}") = "CreateDDADBSetup", "CreateDDADBSetup\CreateDDADBSetup.vdproj", "{B2BEF099-3ACA-49E6-B8CE-4234E7FBE153}"
EndProject
Project("{FAE04EC0-301F-11D3-BF4B-00C04F79EFBC}") = "DDAWebService", "DDAWebService\DDAWebService.csproj", "{4BEE5A43-6069-43B3-BC9E-589FCC6BFC73}"
EndProject
Global
	GlobalSection(SolutionConfigurationPlatforms) = preSolution
		Debug|Any CPU = Debug|Any CPU
		Debug|x86 = Debug|x86
		Release|Any CPU = Release|Any CPU
		Release|x86 = Release|x86
	EndGlobalSection
	GlobalSection(ProjectConfigurationPlatforms) = postSolution
		{8DC480C9-EFA5-4815-B444-45C6AA31A494}.Debug|Any CPU.ActiveCfg = Debug|Any CPU
		{8DC480C9-EFA5-4815-B444-45C6AA31A494}.Debug|Any CPU.Build.0 = Debug|Any CPU
		{8DC480C9-EFA5-4815-B444-45C6AA31A494}.Debug|x86.ActiveCfg = Debug|x86
		{8DC480C9-EFA5-4815-B444-45C6AA31A494}.Debug|x86.Build.0 = Debug|x86
		{8DC480C9-EFA5-4815-B444-45C6AA31A494}.Release|Any CPU.ActiveCfg = Release|Any CPU
		{8DC480C9-EFA5-4815-B444-45C6AA31A494}.Release|Any CPU.Build.0 = Release|Any CPU
		{8DC480C9-EFA5-4815-B444-45C6AA31A494}.Release|x86.ActiveCfg = Release|x86
		{8DC480C9-EFA5-4815-B444-45C6AA31A494}.Release|x86.Build.0 = Release|x86
		{7B7A020D-90E2-4051-9C89-D62D2A4FED44}.Debug|Any CPU.ActiveCfg = Debug|Any CPU
		{7B7A020D-90E2-4051-9C89-D62D2A4FED44}.Debug|Any CPU.Build.0 = Debug|Any CPU
		{7B7A020D-90E2-4051-9C89-D62D2A4FED44}.Debug|x86.ActiveCfg = Debug|x86
		{7B7A020D-90E2-4051-9C89-D62D2A4FED44}.Debug|x86.Build.0 = Debug|x86
		{7B7A020D-90E2-4051-9C89-D62D2A4FED44}.Release|Any CPU.ActiveCfg = Release|Any CPU
		{7B7A020D-90E2-4051-9C89-D62D2A4FED44}.Release|Any CPU.Build.0 = Release|Any CPU
		{7B7A020D-90E2-4051-9C89-D62D2A4FED44}.Release|x86.ActiveCfg = Release|x86
		{7B7A020D-90E2-4051-9C89-D62D2A4FED44}.Release|x86.Build.0 = Release|x86
		{AFCDD145-3133-4880-98FF-B3BDBD0EBDED}.Debug|Any CPU.ActiveCfg = Debug|Any CPU
		{AFCDD145-3133-4880-98FF-B3BDBD0EBDED}.Debug|Any CPU.Build.0 = Debug|Any CPU
		{AFCDD145-3133-4880-98FF-B3BDBD0EBDED}.Debug|x86.ActiveCfg = Debug|x86
		{AFCDD145-3133-4880-98FF-B3BDBD0EBDED}.Debug|x86.Build.0 = Debug|x86
		{AFCDD145-3133-4880-98FF-B3BDBD0EBDED}.Release|Any CPU.ActiveCfg = Release|Any CPU
		{AFCDD145-3133-4880-98FF-B3BDBD0EBDED}.Release|Any CPU.Build.0 = Release|Any CPU
		{AFCDD145-3133-4880-98FF-B3BDBD0EBDED}.Release|x86.ActiveCfg = Release|x86
		{AFCDD145-3133-4880-98FF-B3BDBD0EBDED}.Release|x86.Build.0 = Release|x86
		{B0BEF7E6-5A65-4D18-A3FD-6EDCB1CB854A}.Debug|Any CPU.ActiveCfg = Debug|Any CPU
		{B0BEF7E6-5A65-4D18-A3FD-6EDCB1CB854A}.Debug|Any CPU.Build.0 = Debug|Any CPU
		{B0BEF7E6-5A65-4D18-A3FD-6EDCB1CB854A}.Debug|x86.ActiveCfg = Debug|x86
		{B0BEF7E6-5A65-4D18-A3FD-6EDCB1CB854A}.Debug|x86.Build.0 = Debug|x86
		{B0BEF7E6-5A65-4D18-A3FD-6EDCB1CB854A}.Release|Any CPU.ActiveCfg = Release|Any CPU
		{B0BEF7E6-5A65-4D18-A3FD-6EDCB1CB854A}.Release|Any CPU.Build.0 = Release|Any CPU
		{B0BEF7E6-5A65-4D18-A3FD-6EDCB1CB854A}.Release|x86.ActiveCfg = Release|x86
		{B0BEF7E6-5A65-4D18-A3FD-6EDCB1CB854A}.Release|x86.Build.0 = Release|x86
		{D289DAF7-CD18-448A-AAF9-C5E2FAEC06B3}.Debug|Any CPU.ActiveCfg = Debug|Any CPU
		{D289DAF7-CD18-448A-AAF9-C5E2FAEC06B3}.Debug|Any CPU.Build.0 = Debug|Any CPU
		{D289DAF7-CD18-448A-AAF9-C5E2FAEC06B3}.Debug|x86.ActiveCfg = Debug|x86
		{D289DAF7-CD18-448A-AAF9-C5E2FAEC06B3}.Debug|x86.Build.0 = Debug|x86
		{D289DAF7-CD18-448A-AAF9-C5E2FAEC06B3}.Release|Any CPU.ActiveCfg = Release|Any CPU
		{D289DAF7-CD18-448A-AAF9-C5E2FAEC06B3}.Release|Any CPU.Build.0 = Release|Any CPU
		{D289DAF7-CD18-448A-AAF9-C5E2FAEC06B3}.Release|x86.ActiveCfg = Release|x86
		{D289DAF7-CD18-448A-AAF9-C5E2FAEC06B3}.Release|x86.Build.0 = Release|x86
		{827318D6-2B65-41F1-81CF-A3FBCBE57E41}.Debug|Any CPU.ActiveCfg = Debug|Any CPU
		{827318D6-2B65-41F1-81CF-A3FBCBE57E41}.Debug|Any CPU.Build.0 = Debug|Any CPU
		{827318D6-2B65-41F1-81CF-A3FBCBE57E41}.Debug|x86.ActiveCfg = Debug|x86
		{827318D6-2B65-41F1-81CF-A3FBCBE57E41}.Debug|x86.Build.0 = Debug|x86
		{827318D6-2B65-41F1-81CF-A3FBCBE57E41}.Release|Any CPU.ActiveCfg = Release|Any CPU
		{827318D6-2B65-41F1-81CF-A3FBCBE57E41}.Release|Any CPU.Build.0 = Release|Any CPU
		{827318D6-2B65-41F1-81CF-A3FBCBE57E41}.Release|x86.ActiveCfg = Release|x86
		{827318D6-2B65-41F1-81CF-A3FBCBE57E41}.Release|x86.Build.0 = Release|x86
		{9D2FC614-3C1F-491D-92A8-7A2129A8E1F4}.Debug|Any CPU.ActiveCfg = Debug|Any CPU
		{9D2FC614-3C1F-491D-92A8-7A2129A8E1F4}.Debug|Any CPU.Build.0 = Debug|Any CPU
		{9D2FC614-3C1F-491D-92A8-7A2129A8E1F4}.Debug|x86.ActiveCfg = Debug|x86
		{9D2FC614-3C1F-491D-92A8-7A2129A8E1F4}.Debug|x86.Build.0 = Debug|x86
		{9D2FC614-3C1F-491D-92A8-7A2129A8E1F4}.Release|Any CPU.ActiveCfg = Release|Any CPU
		{9D2FC614-3C1F-491D-92A8-7A2129A8E1F4}.Release|Any CPU.Build.0 = Release|Any CPU
		{9D2FC614-3C1F-491D-92A8-7A2129A8E1F4}.Release|x86.ActiveCfg = Release|x86
		{9D2FC614-3C1F-491D-92A8-7A2129A8E1F4}.Release|x86.Build.0 = Release|x86
		{F0D7F651-0339-4DDA-A79A-FEE02DC69723}.Debug|Any CPU.ActiveCfg = Debug|Any CPU
		{F0D7F651-0339-4DDA-A79A-FEE02DC69723}.Debug|Any CPU.Build.0 = Debug|Any CPU
		{F0D7F651-0339-4DDA-A79A-FEE02DC69723}.Debug|x86.ActiveCfg = Debug|x86
		{F0D7F651-0339-4DDA-A79A-FEE02DC69723}.Debug|x86.Build.0 = Debug|x86
		{F0D7F651-0339-4DDA-A79A-FEE02DC69723}.Release|Any CPU.ActiveCfg = Release|Any CPU
		{F0D7F651-0339-4DDA-A79A-FEE02DC69723}.Release|Any CPU.Build.0 = Release|Any CPU
		{F0D7F651-0339-4DDA-A79A-FEE02DC69723}.Release|x86.ActiveCfg = Release|x86
		{F0D7F651-0339-4DDA-A79A-FEE02DC69723}.Release|x86.Build.0 = Release|x86
		{097D408C-DCCB-41AA-9A17-A8AD6BEAF6F8}.Debug|Any CPU.ActiveCfg = Debug|Any CPU
		{097D408C-DCCB-41AA-9A17-A8AD6BEAF6F8}.Debug|Any CPU.Build.0 = Debug|Any CPU
		{097D408C-DCCB-41AA-9A17-A8AD6BEAF6F8}.Debug|x86.ActiveCfg = Debug|x86
		{097D408C-DCCB-41AA-9A17-A8AD6BEAF6F8}.Debug|x86.Build.0 = Debug|x86
		{097D408C-DCCB-41AA-9A17-A8AD6BEAF6F8}.Release|Any CPU.ActiveCfg = Release|Any CPU
		{097D408C-DCCB-41AA-9A17-A8AD6BEAF6F8}.Release|Any CPU.Build.0 = Release|Any CPU
		{097D408C-DCCB-41AA-9A17-A8AD6BEAF6F8}.Release|x86.ActiveCfg = Release|x86
		{097D408C-DCCB-41AA-9A17-A8AD6BEAF6F8}.Release|x86.Build.0 = Release|x86
		{B0B8495E-5106-46DD-A0CA-CCD4447DFC38}.Debug|Any CPU.ActiveCfg = Debug|Any CPU
		{B0B8495E-5106-46DD-A0CA-CCD4447DFC38}.Debug|Any CPU.Build.0 = Debug|Any CPU
		{B0B8495E-5106-46DD-A0CA-CCD4447DFC38}.Debug|x86.ActiveCfg = Debug|x86
		{B0B8495E-5106-46DD-A0CA-CCD4447DFC38}.Debug|x86.Build.0 = Debug|x86
		{B0B8495E-5106-46DD-A0CA-CCD4447DFC38}.Release|Any CPU.ActiveCfg = Release|Any CPU
		{B0B8495E-5106-46DD-A0CA-CCD4447DFC38}.Release|Any CPU.Build.0 = Release|Any CPU
		{B0B8495E-5106-46DD-A0CA-CCD4447DFC38}.Release|x86.ActiveCfg = Release|x86
		{B0B8495E-5106-46DD-A0CA-CCD4447DFC38}.Release|x86.Build.0 = Release|x86
		{C6108459-81E1-45B6-8B5E-011A8F2A5FFE}.Debug|Any CPU.ActiveCfg = Debug
		{C6108459-81E1-45B6-8B5E-011A8F2A5FFE}.Debug|x86.ActiveCfg = Debug
		{C6108459-81E1-45B6-8B5E-011A8F2A5FFE}.Release|Any CPU.ActiveCfg = Release
		{C6108459-81E1-45B6-8B5E-011A8F2A5FFE}.Release|x86.ActiveCfg = Release
		{B2BEF099-3ACA-49E6-B8CE-4234E7FBE153}.Debug|Any CPU.ActiveCfg = Debug
		{B2BEF099-3ACA-49E6-B8CE-4234E7FBE153}.Debug|x86.ActiveCfg = Debug
		{B2BEF099-3ACA-49E6-B8CE-4234E7FBE153}.Release|Any CPU.ActiveCfg = Release
		{B2BEF099-3ACA-49E6-B8CE-4234E7FBE153}.Release|x86.ActiveCfg = Release
		{4BEE5A43-6069-43B3-BC9E-589FCC6BFC73}.Debug|Any CPU.ActiveCfg = Debug|Any CPU
		{4BEE5A43-6069-43B3-BC9E-589FCC6BFC73}.Debug|Any CPU.Build.0 = Debug|Any CPU
		{4BEE5A43-6069-43B3-BC9E-589FCC6BFC73}.Debug|x86.ActiveCfg = Debug|x86
		{4BEE5A43-6069-43B3-BC9E-589FCC6BFC73}.Debug|x86.Build.0 = Debug|x86
		{4BEE5A43-6069-43B3-BC9E-589FCC6BFC73}.Release|Any CPU.ActiveCfg = Release|Any CPU
		{4BEE5A43-6069-43B3-BC9E-589FCC6BFC73}.Release|Any CPU.Build.0 = Release|Any CPU
		{4BEE5A43-6069-43B3-BC9E-589FCC6BFC73}.Release|x86.ActiveCfg = Release|x86
		{4BEE5A43-6069-43B3-BC9E-589FCC6BFC73}.Release|x86.Build.0 = Release|x86
	EndGlobalSection
	GlobalSection(SolutionProperties) = preSolution
		HideSolutionNode = FALSE
	EndGlobalSection
EndGlobal
