Microsoft Visual Studio Solution File, Format Version 10.00
# Visual Studio 2008
Project("{FAE04EC0-301F-11D3-BF4B-00C04F79EFBC}") = "Common", "Common\Common.csproj", "{8DC480C9-EFA5-4815-B444-45C6AA31A494}"
EndProject
Project("{FAE04EC0-301F-11D3-BF4B-00C04F79EFBC}") = "DAL", "DAL\DAL.csproj", "{AFCDD145-3133-4880-98FF-B3BDBD0EBDED}"
EndProject
Project("{FAE04EC0-301F-11D3-BF4B-00C04F79EFBC}") = "DataInstaller", "DataInstaller\DataInstaller.csproj", "{2200B91A-DBBE-4F3F-B8EB-61FB7409ADEA}"
EndProject
Project("{FAE04EC0-301F-11D3-BF4B-00C04F79EFBC}") = "KOIDTSCmd", "KOIDTSCmd\KOIDTSCmd.csproj", "{67B3F231-3188-423D-B968-A0022833641F}"
EndProject
Project("{FAE04EC0-301F-11D3-BF4B-00C04F79EFBC}") = "KOIDTSMonitor", "KOIDTSMonitor\KOIDTSMonitor.csproj", "{1792E150-96AC-4E3C-9C02-42EFD6EA8B45}"
EndProject
Project("{FAE04EC0-301F-11D3-BF4B-00C04F79EFBC}") = "EIS_KOI_DDAService", "KOIDTS_DDA_Service\EIS_KOI_DDAService.csproj", "{BABB08BD-0B16-4D52-A105-7D85440B1510}"
EndProject
Project("{54435603-DBB4-11D2-8724-00A0C9A8B90C}") = "EIS_KOI_DDAServiceSetup", "EIS_KOI_DDAServiceSetup\EIS_KOI_DDAServiceSetup.vdproj", "{367170D8-56F7-4EC2-966E-86CECEB60BC2}"
EndProject
Project("{FAE04EC0-301F-11D3-BF4B-00C04F79EFBC}") = "KOIDTSSimpleMsg", "KOIDTSSimpleMsg\KOIDTSSimpleMsg.csproj", "{BFCD95BD-76D3-4E1D-A837-5E1982CB1233}"
EndProject
Global
	GlobalSection(SolutionConfigurationPlatforms) = preSolution
		Debug|Any CPU = Debug|Any CPU
		Debug|x86 = Debug|x86
		Release|Any CPU = Release|Any CPU
		Release|x86 = Release|x86
	EndGlobalSection
	GlobalSection(ProjectConfigurationPlatforms) = postSolution
		{8DC480C9-EFA5-4815-B444-45C6AA31A494}.Debug|Any CPU.ActiveCfg = Debug|Any CPU
		{8DC480C9-EFA5-4815-B444-45C6AA31A494}.Debug|Any CPU.Build.0 = Debug|Any CPU
		{8DC480C9-EFA5-4815-B444-45C6AA31A494}.Debug|x86.ActiveCfg = Debug|x86
		{8DC480C9-EFA5-4815-B444-45C6AA31A494}.Debug|x86.Build.0 = Debug|x86
		{8DC480C9-EFA5-4815-B444-45C6AA31A494}.Release|Any CPU.ActiveCfg = Release|Any CPU
		{8DC480C9-EFA5-4815-B444-45C6AA31A494}.Release|Any CPU.Build.0 = Release|Any CPU
		{8DC480C9-EFA5-4815-B444-45C6AA31A494}.Release|x86.ActiveCfg = Release|x86
		{8DC480C9-EFA5-4815-B444-45C6AA31A494}.Release|x86.Build.0 = Release|x86
		{AFCDD145-3133-4880-98FF-B3BDBD0EBDED}.Debug|Any CPU.ActiveCfg = Debug|Any CPU
		{AFCDD145-3133-4880-98FF-B3BDBD0EBDED}.Debug|Any CPU.Build.0 = Debug|Any CPU
		{AFCDD145-3133-4880-98FF-B3BDBD0EBDED}.Debug|x86.ActiveCfg = Debug|x86
		{AFCDD145-3133-4880-98FF-B3BDBD0EBDED}.Debug|x86.Build.0 = Debug|x86
		{AFCDD145-3133-4880-98FF-B3BDBD0EBDED}.Release|Any CPU.ActiveCfg = Release|Any CPU
		{AFCDD145-3133-4880-98FF-B3BDBD0EBDED}.Release|Any CPU.Build.0 = Release|Any CPU
		{AFCDD145-3133-4880-98FF-B3BDBD0EBDED}.Release|x86.ActiveCfg = Release|x86
		{AFCDD145-3133-4880-98FF-B3BDBD0EBDED}.Release|x86.Build.0 = Release|x86
		{2200B91A-DBBE-4F3F-B8EB-61FB7409ADEA}.Debug|Any CPU.ActiveCfg = Debug|Any CPU
		{2200B91A-DBBE-4F3F-B8EB-61FB7409ADEA}.Debug|Any CPU.Build.0 = Debug|Any CPU
		{2200B91A-DBBE-4F3F-B8EB-61FB7409ADEA}.Debug|x86.ActiveCfg = Debug|x86
		{2200B91A-DBBE-4F3F-B8EB-61FB7409ADEA}.Debug|x86.Build.0 = Debug|x86
		{2200B91A-DBBE-4F3F-B8EB-61FB7409ADEA}.Release|Any CPU.ActiveCfg = Release|Any CPU
		{2200B91A-DBBE-4F3F-B8EB-61FB7409ADEA}.Release|Any CPU.Build.0 = Release|Any CPU
		{2200B91A-DBBE-4F3F-B8EB-61FB7409ADEA}.Release|x86.ActiveCfg = Release|x86
		{2200B91A-DBBE-4F3F-B8EB-61FB7409ADEA}.Release|x86.Build.0 = Release|x86
		{67B3F231-3188-423D-B968-A0022833641F}.Debug|Any CPU.ActiveCfg = Debug|Any CPU
		{67B3F231-3188-423D-B968-A0022833641F}.Debug|Any CPU.Build.0 = Debug|Any CPU
		{67B3F231-3188-423D-B968-A0022833641F}.Debug|x86.ActiveCfg = Debug|x86
		{67B3F231-3188-423D-B968-A0022833641F}.Debug|x86.Build.0 = Debug|x86
		{67B3F231-3188-423D-B968-A0022833641F}.Release|Any CPU.ActiveCfg = Release|Any CPU
		{67B3F231-3188-423D-B968-A0022833641F}.Release|Any CPU.Build.0 = Release|Any CPU
		{67B3F231-3188-423D-B968-A0022833641F}.Release|x86.ActiveCfg = Release|x86
		{67B3F231-3188-423D-B968-A0022833641F}.Release|x86.Build.0 = Release|x86
		{1792E150-96AC-4E3C-9C02-42EFD6EA8B45}.Debug|Any CPU.ActiveCfg = Debug|Any CPU
		{1792E150-96AC-4E3C-9C02-42EFD6EA8B45}.Debug|Any CPU.Build.0 = Debug|Any CPU
		{1792E150-96AC-4E3C-9C02-42EFD6EA8B45}.Debug|x86.ActiveCfg = Debug|x86
		{1792E150-96AC-4E3C-9C02-42EFD6EA8B45}.Debug|x86.Build.0 = Debug|x86
		{1792E150-96AC-4E3C-9C02-42EFD6EA8B45}.Release|Any CPU.ActiveCfg = Release|Any CPU
		{1792E150-96AC-4E3C-9C02-42EFD6EA8B45}.Release|Any CPU.Build.0 = Release|Any CPU
		{1792E150-96AC-4E3C-9C02-42EFD6EA8B45}.Release|x86.ActiveCfg = Release|x86
		{1792E150-96AC-4E3C-9C02-42EFD6EA8B45}.Release|x86.Build.0 = Release|x86
		{BABB08BD-0B16-4D52-A105-7D85440B1510}.Debug|Any CPU.ActiveCfg = Debug|Any CPU
		{BABB08BD-0B16-4D52-A105-7D85440B1510}.Debug|Any CPU.Build.0 = Debug|Any CPU
		{BABB08BD-0B16-4D52-A105-7D85440B1510}.Debug|x86.ActiveCfg = Debug|x86
		{BABB08BD-0B16-4D52-A105-7D85440B1510}.Debug|x86.Build.0 = Debug|x86
		{BABB08BD-0B16-4D52-A105-7D85440B1510}.Release|Any CPU.ActiveCfg = Release|Any CPU
		{BABB08BD-0B16-4D52-A105-7D85440B1510}.Release|Any CPU.Build.0 = Release|Any CPU
		{BABB08BD-0B16-4D52-A105-7D85440B1510}.Release|x86.ActiveCfg = Release|x86
		{BABB08BD-0B16-4D52-A105-7D85440B1510}.Release|x86.Build.0 = Release|x86
		{367170D8-56F7-4EC2-966E-86CECEB60BC2}.Debug|Any CPU.ActiveCfg = Debug
		{367170D8-56F7-4EC2-966E-86CECEB60BC2}.Debug|x86.ActiveCfg = Debug
		{367170D8-56F7-4EC2-966E-86CECEB60BC2}.Release|Any CPU.ActiveCfg = Release
		{367170D8-56F7-4EC2-966E-86CECEB60BC2}.Release|x86.ActiveCfg = Release
		{BFCD95BD-76D3-4E1D-A837-5E1982CB1233}.Debug|Any CPU.ActiveCfg = Debug|Any CPU
		{BFCD95BD-76D3-4E1D-A837-5E1982CB1233}.Debug|Any CPU.Build.0 = Debug|Any CPU
		{BFCD95BD-76D3-4E1D-A837-5E1982CB1233}.Debug|x86.ActiveCfg = Debug|x86
		{BFCD95BD-76D3-4E1D-A837-5E1982CB1233}.Debug|x86.Build.0 = Debug|x86
		{BFCD95BD-76D3-4E1D-A837-5E1982CB1233}.Release|Any CPU.ActiveCfg = Release|Any CPU
		{BFCD95BD-76D3-4E1D-A837-5E1982CB1233}.Release|Any CPU.Build.0 = Release|Any CPU
		{BFCD95BD-76D3-4E1D-A837-5E1982CB1233}.Release|x86.ActiveCfg = Release|x86
		{BFCD95BD-76D3-4E1D-A837-5E1982CB1233}.Release|x86.Build.0 = Release|x86
	EndGlobalSection
	GlobalSection(SolutionProperties) = preSolution
		HideSolutionNode = FALSE
	EndGlobalSection
EndGlobal
