Microsoft Visual Studio Solution File, Format Version 10.00
# Visual Studio 2008
Project("{FAE04EC0-301F-11D3-BF4B-00C04F79EFBC}") = "Common", "Common\Common.csproj", "{8DC480C9-EFA5-4815-B444-45C6AA31A494}"
EndProject
Project("{FAE04EC0-301F-11D3-BF4B-00C04F79EFBC}") = "WebServiceProxy", "WebServiceProxy\WebServiceProxy.csproj", "{7B7A020D-90E2-4051-9C89-D62D2A4FED44}"
EndProject
Project("{FAE04EC0-301F-11D3-BF4B-00C04F79EFBC}") = "DAL", "DAL\DAL.csproj", "{AFCDD145-3133-4880-98FF-B3BDBD0EBDED}"
EndProject
Project("{FAE04EC0-301F-11D3-BF4B-00C04F79EFBC}") = "DataBus", "DataBuss\DataBus.csproj", "{B0BEF7E6-5A65-4D18-A3FD-6EDCB1CB854A}"
EndProject
Project("{FAE04EC0-301F-11D3-BF4B-00C04F79EFBC}") = "Recipe", "Recipe\Recipe.csproj", "{D289DAF7-CD18-448A-AAF9-C5E2FAEC06B3}"
EndProject
Project("{FAE04EC0-301F-11D3-BF4B-00C04F79EFBC}") = "ShareMemory", "ShareMemory\ShareMemory.csproj", "{827318D6-2B65-41F1-81CF-A3FBCBE57E41}"
EndProject
Project("{FAE04EC0-301F-11D3-BF4B-00C04F79EFBC}") = "DataInstaller", "DataInstaller\DataInstaller.csproj", "{2200B91A-DBBE-4F3F-B8EB-61FB7409ADEA}"
EndProject
Project("{FAE04EC0-301F-11D3-BF4B-00C04F79EFBC}") = "DDARecipe", "DDARecipe\DDARecipe.csproj", "{9D2FC614-3C1F-491D-92A8-7A2129A8E1F4}"
EndProject
Project("{FAE04EC0-301F-11D3-BF4B-00C04F79EFBC}") = "DDARMWinUI", "DDARMWinUI\DDARMWinUI.csproj", "{B29F5215-B2C6-4A59-98D1-626D89C91A4F}"
EndProject
Project("{FAE04EC0-301F-11D3-BF4B-00C04F79EFBC}") = "DDADBManager", "DDADBManager\DDADBManager.csproj", "{9328734E-7A79-433A-B795-FF9D5CA9F43A}"
EndProject
Project("{FAE04EC0-301F-11D3-BF4B-00C04F79EFBC}") = "DDADBRObjects", "RemotableObjects\DDADBRObjects.csproj", "{914AD553-667E-418C-9032-ED62F8FFDAE1}"
EndProject
Project("{FAE04EC0-301F-11D3-BF4B-00C04F79EFBC}") = "DDARecipeRObjects", "DDARecipeRObjects\DDARecipeRObjects.csproj", "{7DE6A126-149F-4992-8D27-0384ABBB6358}"
EndProject
Project("{FAE04EC0-301F-11D3-BF4B-00C04F79EFBC}") = "DDADBManagerServer", "DDADBManagerServer\DDADBManagerServer.csproj", "{21E16094-3B0F-44F0-ACAA-7C607F83F761}"
EndProject
Project("{FAE04EC0-301F-11D3-BF4B-00C04F79EFBC}") = "DDADBManagerController", "DDADBManagerController\DDADBManagerController.csproj", "{079BD6CA-AD43-47AF-9B5D-CCE9F693F4F0}"
EndProject
Project("{FAE04EC0-301F-11D3-BF4B-00C04F79EFBC}") = "DDARMController", "DDARMController\DDARMController.csproj", "{FB52029B-04DF-4C06-B7DD-2F6CD4E12516}"
EndProject
Project("{FAE04EC0-301F-11D3-BF4B-00C04F79EFBC}") = "DDARMProcess", "DDARMProcess\DDARMProcess.csproj", "{4F350E28-BE6C-4C04-BF38-3EEF0CE4A5B7}"
EndProject
Project("{FAE04EC0-301F-11D3-BF4B-00C04F79EFBC}") = "DDADBManagerService", "DDADBManagerService\DDADBManagerService.csproj", "{010B5E95-2C39-4DB5-A8C5-AEBBD91D291E}"
EndProject
Project("{FAE04EC0-301F-11D3-BF4B-00C04F79EFBC}") = "DDADBManagerTray", "DDADBManagerTray\DDADBManagerTray.csproj", "{CE83C71A-3DAC-4B6B-B3AB-196D398151C2}"
EndProject
Project("{54435603-DBB4-11D2-8724-00A0C9A8B90C}") = "DDADBManagerWSSetup", "DDADBManagerWSSetup\DDADBManagerWSSetup.vdproj", "{C4A8EAB3-3103-4A3B-918A-337760E138C6}"
EndProject
Global
	GlobalSection(SolutionConfigurationPlatforms) = preSolution
		Debug|Any CPU = Debug|Any CPU
		Debug|x64 = Debug|x64
		Debug|x86 = Debug|x86
		Release|Any CPU = Release|Any CPU
		Release|x64 = Release|x64
		Release|x86 = Release|x86
	EndGlobalSection
	GlobalSection(ProjectConfigurationPlatforms) = postSolution
		{8DC480C9-EFA5-4815-B444-45C6AA31A494}.Debug|Any CPU.ActiveCfg = Debug|Any CPU
		{8DC480C9-EFA5-4815-B444-45C6AA31A494}.Debug|Any CPU.Build.0 = Debug|Any CPU
		{8DC480C9-EFA5-4815-B444-45C6AA31A494}.Debug|x64.ActiveCfg = Debug|x64
		{8DC480C9-EFA5-4815-B444-45C6AA31A494}.Debug|x64.Build.0 = Debug|x64
		{8DC480C9-EFA5-4815-B444-45C6AA31A494}.Debug|x86.ActiveCfg = Debug|x86
		{8DC480C9-EFA5-4815-B444-45C6AA31A494}.Debug|x86.Build.0 = Debug|x86
		{8DC480C9-EFA5-4815-B444-45C6AA31A494}.Release|Any CPU.ActiveCfg = Release|Any CPU
		{8DC480C9-EFA5-4815-B444-45C6AA31A494}.Release|Any CPU.Build.0 = Release|Any CPU
		{8DC480C9-EFA5-4815-B444-45C6AA31A494}.Release|x64.ActiveCfg = Release|x64
		{8DC480C9-EFA5-4815-B444-45C6AA31A494}.Release|x64.Build.0 = Release|x64
		{8DC480C9-EFA5-4815-B444-45C6AA31A494}.Release|x86.ActiveCfg = Release|x86
		{8DC480C9-EFA5-4815-B444-45C6AA31A494}.Release|x86.Build.0 = Release|x86
		{7B7A020D-90E2-4051-9C89-D62D2A4FED44}.Debug|Any CPU.ActiveCfg = Debug|Any CPU
		{7B7A020D-90E2-4051-9C89-D62D2A4FED44}.Debug|Any CPU.Build.0 = Debug|Any CPU
		{7B7A020D-90E2-4051-9C89-D62D2A4FED44}.Debug|x64.ActiveCfg = Debug|x64
		{7B7A020D-90E2-4051-9C89-D62D2A4FED44}.Debug|x64.Build.0 = Debug|x64
		{7B7A020D-90E2-4051-9C89-D62D2A4FED44}.Debug|x86.ActiveCfg = Debug|x86
		{7B7A020D-90E2-4051-9C89-D62D2A4FED44}.Debug|x86.Build.0 = Debug|x86
		{7B7A020D-90E2-4051-9C89-D62D2A4FED44}.Release|Any CPU.ActiveCfg = Release|Any CPU
		{7B7A020D-90E2-4051-9C89-D62D2A4FED44}.Release|Any CPU.Build.0 = Release|Any CPU
		{7B7A020D-90E2-4051-9C89-D62D2A4FED44}.Release|x64.ActiveCfg = Release|x64
		{7B7A020D-90E2-4051-9C89-D62D2A4FED44}.Release|x64.Build.0 = Release|x64
		{7B7A020D-90E2-4051-9C89-D62D2A4FED44}.Release|x86.ActiveCfg = Release|x86
		{7B7A020D-90E2-4051-9C89-D62D2A4FED44}.Release|x86.Build.0 = Release|x86
		{AFCDD145-3133-4880-98FF-B3BDBD0EBDED}.Debug|Any CPU.ActiveCfg = Debug|Any CPU
		{AFCDD145-3133-4880-98FF-B3BDBD0EBDED}.Debug|Any CPU.Build.0 = Debug|Any CPU
		{AFCDD145-3133-4880-98FF-B3BDBD0EBDED}.Debug|x64.ActiveCfg = Debug|x64
		{AFCDD145-3133-4880-98FF-B3BDBD0EBDED}.Debug|x64.Build.0 = Debug|x64
		{AFCDD145-3133-4880-98FF-B3BDBD0EBDED}.Debug|x86.ActiveCfg = Debug|x86
		{AFCDD145-3133-4880-98FF-B3BDBD0EBDED}.Debug|x86.Build.0 = Debug|x86
		{AFCDD145-3133-4880-98FF-B3BDBD0EBDED}.Release|Any CPU.ActiveCfg = Release|Any CPU
		{AFCDD145-3133-4880-98FF-B3BDBD0EBDED}.Release|Any CPU.Build.0 = Release|Any CPU
		{AFCDD145-3133-4880-98FF-B3BDBD0EBDED}.Release|x64.ActiveCfg = Release|x64
		{AFCDD145-3133-4880-98FF-B3BDBD0EBDED}.Release|x64.Build.0 = Release|x64
		{AFCDD145-3133-4880-98FF-B3BDBD0EBDED}.Release|x86.ActiveCfg = Release|x86
		{AFCDD145-3133-4880-98FF-B3BDBD0EBDED}.Release|x86.Build.0 = Release|x86
		{B0BEF7E6-5A65-4D18-A3FD-6EDCB1CB854A}.Debug|Any CPU.ActiveCfg = Debug|Any CPU
		{B0BEF7E6-5A65-4D18-A3FD-6EDCB1CB854A}.Debug|Any CPU.Build.0 = Debug|Any CPU
		{B0BEF7E6-5A65-4D18-A3FD-6EDCB1CB854A}.Debug|x64.ActiveCfg = Debug|x64
		{B0BEF7E6-5A65-4D18-A3FD-6EDCB1CB854A}.Debug|x64.Build.0 = Debug|x64
		{B0BEF7E6-5A65-4D18-A3FD-6EDCB1CB854A}.Debug|x86.ActiveCfg = Debug|x86
		{B0BEF7E6-5A65-4D18-A3FD-6EDCB1CB854A}.Debug|x86.Build.0 = Debug|x86
		{B0BEF7E6-5A65-4D18-A3FD-6EDCB1CB854A}.Release|Any CPU.ActiveCfg = Release|Any CPU
		{B0BEF7E6-5A65-4D18-A3FD-6EDCB1CB854A}.Release|Any CPU.Build.0 = Release|Any CPU
		{B0BEF7E6-5A65-4D18-A3FD-6EDCB1CB854A}.Release|x64.ActiveCfg = Release|x64
		{B0BEF7E6-5A65-4D18-A3FD-6EDCB1CB854A}.Release|x64.Build.0 = Release|x64
		{B0BEF7E6-5A65-4D18-A3FD-6EDCB1CB854A}.Release|x86.ActiveCfg = Release|x86
		{B0BEF7E6-5A65-4D18-A3FD-6EDCB1CB854A}.Release|x86.Build.0 = Release|x86
		{D289DAF7-CD18-448A-AAF9-C5E2FAEC06B3}.Debug|Any CPU.ActiveCfg = Debug|Any CPU
		{D289DAF7-CD18-448A-AAF9-C5E2FAEC06B3}.Debug|Any CPU.Build.0 = Debug|Any CPU
		{D289DAF7-CD18-448A-AAF9-C5E2FAEC06B3}.Debug|x64.ActiveCfg = Debug|x64
		{D289DAF7-CD18-448A-AAF9-C5E2FAEC06B3}.Debug|x64.Build.0 = Debug|x64
		{D289DAF7-CD18-448A-AAF9-C5E2FAEC06B3}.Debug|x86.ActiveCfg = Debug|x86
		{D289DAF7-CD18-448A-AAF9-C5E2FAEC06B3}.Debug|x86.Build.0 = Debug|x86
		{D289DAF7-CD18-448A-AAF9-C5E2FAEC06B3}.Release|Any CPU.ActiveCfg = Release|Any CPU
		{D289DAF7-CD18-448A-AAF9-C5E2FAEC06B3}.Release|Any CPU.Build.0 = Release|Any CPU
		{D289DAF7-CD18-448A-AAF9-C5E2FAEC06B3}.Release|x64.ActiveCfg = Release|x64
		{D289DAF7-CD18-448A-AAF9-C5E2FAEC06B3}.Release|x64.Build.0 = Release|x64
		{D289DAF7-CD18-448A-AAF9-C5E2FAEC06B3}.Release|x86.ActiveCfg = Release|x86
		{D289DAF7-CD18-448A-AAF9-C5E2FAEC06B3}.Release|x86.Build.0 = Release|x86
		{827318D6-2B65-41F1-81CF-A3FBCBE57E41}.Debug|Any CPU.ActiveCfg = Debug|Any CPU
		{827318D6-2B65-41F1-81CF-A3FBCBE57E41}.Debug|Any CPU.Build.0 = Debug|Any CPU
		{827318D6-2B65-41F1-81CF-A3FBCBE57E41}.Debug|x64.ActiveCfg = Debug|x64
		{827318D6-2B65-41F1-81CF-A3FBCBE57E41}.Debug|x64.Build.0 = Debug|x64
		{827318D6-2B65-41F1-81CF-A3FBCBE57E41}.Debug|x86.ActiveCfg = Debug|x86
		{827318D6-2B65-41F1-81CF-A3FBCBE57E41}.Debug|x86.Build.0 = Debug|x86
		{827318D6-2B65-41F1-81CF-A3FBCBE57E41}.Release|Any CPU.ActiveCfg = Release|Any CPU
		{827318D6-2B65-41F1-81CF-A3FBCBE57E41}.Release|Any CPU.Build.0 = Release|Any CPU
		{827318D6-2B65-41F1-81CF-A3FBCBE57E41}.Release|x64.ActiveCfg = Release|x64
		{827318D6-2B65-41F1-81CF-A3FBCBE57E41}.Release|x64.Build.0 = Release|x64
		{827318D6-2B65-41F1-81CF-A3FBCBE57E41}.Release|x86.ActiveCfg = Release|x86
		{827318D6-2B65-41F1-81CF-A3FBCBE57E41}.Release|x86.Build.0 = Release|x86
		{2200B91A-DBBE-4F3F-B8EB-61FB7409ADEA}.Debug|Any CPU.ActiveCfg = Debug|Any CPU
		{2200B91A-DBBE-4F3F-B8EB-61FB7409ADEA}.Debug|Any CPU.Build.0 = Debug|Any CPU
		{2200B91A-DBBE-4F3F-B8EB-61FB7409ADEA}.Debug|x64.ActiveCfg = Debug|x86
		{2200B91A-DBBE-4F3F-B8EB-61FB7409ADEA}.Debug|x86.ActiveCfg = Debug|x86
		{2200B91A-DBBE-4F3F-B8EB-61FB7409ADEA}.Release|Any CPU.ActiveCfg = Release|Any CPU
		{2200B91A-DBBE-4F3F-B8EB-61FB7409ADEA}.Release|Any CPU.Build.0 = Release|Any CPU
		{2200B91A-DBBE-4F3F-B8EB-61FB7409ADEA}.Release|x64.ActiveCfg = Release|x86
		{2200B91A-DBBE-4F3F-B8EB-61FB7409ADEA}.Release|x86.ActiveCfg = Release|x86
		{2200B91A-DBBE-4F3F-B8EB-61FB7409ADEA}.Release|x86.Build.0 = Release|x86
		{9D2FC614-3C1F-491D-92A8-7A2129A8E1F4}.Debug|Any CPU.ActiveCfg = Debug|Any CPU
		{9D2FC614-3C1F-491D-92A8-7A2129A8E1F4}.Debug|Any CPU.Build.0 = Debug|Any CPU
		{9D2FC614-3C1F-491D-92A8-7A2129A8E1F4}.Debug|x64.ActiveCfg = Debug|x64
		{9D2FC614-3C1F-491D-92A8-7A2129A8E1F4}.Debug|x64.Build.0 = Debug|x64
		{9D2FC614-3C1F-491D-92A8-7A2129A8E1F4}.Debug|x86.ActiveCfg = Debug|x86
		{9D2FC614-3C1F-491D-92A8-7A2129A8E1F4}.Debug|x86.Build.0 = Debug|x86
		{9D2FC614-3C1F-491D-92A8-7A2129A8E1F4}.Release|Any CPU.ActiveCfg = Release|Any CPU
		{9D2FC614-3C1F-491D-92A8-7A2129A8E1F4}.Release|Any CPU.Build.0 = Release|Any CPU
		{9D2FC614-3C1F-491D-92A8-7A2129A8E1F4}.Release|x64.ActiveCfg = Release|x64
		{9D2FC614-3C1F-491D-92A8-7A2129A8E1F4}.Release|x64.Build.0 = Release|x64
		{9D2FC614-3C1F-491D-92A8-7A2129A8E1F4}.Release|x86.ActiveCfg = Release|x86
		{9D2FC614-3C1F-491D-92A8-7A2129A8E1F4}.Release|x86.Build.0 = Release|x86
		{B29F5215-B2C6-4A59-98D1-626D89C91A4F}.Debug|Any CPU.ActiveCfg = Debug|Any CPU
		{B29F5215-B2C6-4A59-98D1-626D89C91A4F}.Debug|Any CPU.Build.0 = Debug|Any CPU
		{B29F5215-B2C6-4A59-98D1-626D89C91A4F}.Debug|x64.ActiveCfg = Debug|x86
		{B29F5215-B2C6-4A59-98D1-626D89C91A4F}.Debug|x86.ActiveCfg = Debug|x86
		{B29F5215-B2C6-4A59-98D1-626D89C91A4F}.Debug|x86.Build.0 = Debug|x86
		{B29F5215-B2C6-4A59-98D1-626D89C91A4F}.Release|Any CPU.ActiveCfg = Release|Any CPU
		{B29F5215-B2C6-4A59-98D1-626D89C91A4F}.Release|Any CPU.Build.0 = Release|Any CPU
		{B29F5215-B2C6-4A59-98D1-626D89C91A4F}.Release|x64.ActiveCfg = Release|x86
		{B29F5215-B2C6-4A59-98D1-626D89C91A4F}.Release|x86.ActiveCfg = Release|x86
		{B29F5215-B2C6-4A59-98D1-626D89C91A4F}.Release|x86.Build.0 = Release|x86
		{9328734E-7A79-433A-B795-FF9D5CA9F43A}.Debug|Any CPU.ActiveCfg = Debug|Any CPU
		{9328734E-7A79-433A-B795-FF9D5CA9F43A}.Debug|Any CPU.Build.0 = Debug|Any CPU
		{9328734E-7A79-433A-B795-FF9D5CA9F43A}.Debug|x64.ActiveCfg = Debug|x86
		{9328734E-7A79-433A-B795-FF9D5CA9F43A}.Debug|x86.ActiveCfg = Debug|x86
		{9328734E-7A79-433A-B795-FF9D5CA9F43A}.Debug|x86.Build.0 = Debug|x86
		{9328734E-7A79-433A-B795-FF9D5CA9F43A}.Release|Any CPU.ActiveCfg = Release|Any CPU
		{9328734E-7A79-433A-B795-FF9D5CA9F43A}.Release|Any CPU.Build.0 = Release|Any CPU
		{9328734E-7A79-433A-B795-FF9D5CA9F43A}.Release|x64.ActiveCfg = Release|x86
		{9328734E-7A79-433A-B795-FF9D5CA9F43A}.Release|x86.ActiveCfg = Release|x86
		{9328734E-7A79-433A-B795-FF9D5CA9F43A}.Release|x86.Build.0 = Release|x86
		{914AD553-667E-418C-9032-ED62F8FFDAE1}.Debug|Any CPU.ActiveCfg = Debug|Any CPU
		{914AD553-667E-418C-9032-ED62F8FFDAE1}.Debug|Any CPU.Build.0 = Debug|Any CPU
		{914AD553-667E-418C-9032-ED62F8FFDAE1}.Debug|x64.ActiveCfg = Debug|x86
		{914AD553-667E-418C-9032-ED62F8FFDAE1}.Debug|x86.ActiveCfg = Debug|x86
		{914AD553-667E-418C-9032-ED62F8FFDAE1}.Debug|x86.Build.0 = Debug|x86
		{914AD553-667E-418C-9032-ED62F8FFDAE1}.Release|Any CPU.ActiveCfg = Release|Any CPU
		{914AD553-667E-418C-9032-ED62F8FFDAE1}.Release|Any CPU.Build.0 = Release|Any CPU
		{914AD553-667E-418C-9032-ED62F8FFDAE1}.Release|x64.ActiveCfg = Release|x86
		{914AD553-667E-418C-9032-ED62F8FFDAE1}.Release|x86.ActiveCfg = Release|x86
		{914AD553-667E-418C-9032-ED62F8FFDAE1}.Release|x86.Build.0 = Release|x86
		{7DE6A126-149F-4992-8D27-0384ABBB6358}.Debug|Any CPU.ActiveCfg = Debug|Any CPU
		{7DE6A126-149F-4992-8D27-0384ABBB6358}.Debug|Any CPU.Build.0 = Debug|Any CPU
		{7DE6A126-149F-4992-8D27-0384ABBB6358}.Debug|x64.ActiveCfg = Debug|x86
		{7DE6A126-149F-4992-8D27-0384ABBB6358}.Debug|x86.ActiveCfg = Debug|x86
		{7DE6A126-149F-4992-8D27-0384ABBB6358}.Debug|x86.Build.0 = Debug|x86
		{7DE6A126-149F-4992-8D27-0384ABBB6358}.Release|Any CPU.ActiveCfg = Release|Any CPU
		{7DE6A126-149F-4992-8D27-0384ABBB6358}.Release|Any CPU.Build.0 = Release|Any CPU
		{7DE6A126-149F-4992-8D27-0384ABBB6358}.Release|x64.ActiveCfg = Release|x86
		{7DE6A126-149F-4992-8D27-0384ABBB6358}.Release|x86.ActiveCfg = Release|x86
		{7DE6A126-149F-4992-8D27-0384ABBB6358}.Release|x86.Build.0 = Release|x86
		{21E16094-3B0F-44F0-ACAA-7C607F83F761}.Debug|Any CPU.ActiveCfg = Debug|Any CPU
		{21E16094-3B0F-44F0-ACAA-7C607F83F761}.Debug|Any CPU.Build.0 = Debug|Any CPU
		{21E16094-3B0F-44F0-ACAA-7C607F83F761}.Debug|x64.ActiveCfg = Debug|x86
		{21E16094-3B0F-44F0-ACAA-7C607F83F761}.Debug|x86.ActiveCfg = Debug|x86
		{21E16094-3B0F-44F0-ACAA-7C607F83F761}.Debug|x86.Build.0 = Debug|x86
		{21E16094-3B0F-44F0-ACAA-7C607F83F761}.Release|Any CPU.ActiveCfg = Release|Any CPU
		{21E16094-3B0F-44F0-ACAA-7C607F83F761}.Release|Any CPU.Build.0 = Release|Any CPU
		{21E16094-3B0F-44F0-ACAA-7C607F83F761}.Release|x64.ActiveCfg = Release|x86
		{21E16094-3B0F-44F0-ACAA-7C607F83F761}.Release|x86.ActiveCfg = Release|x86
		{21E16094-3B0F-44F0-ACAA-7C607F83F761}.Release|x86.Build.0 = Release|x86
		{079BD6CA-AD43-47AF-9B5D-CCE9F693F4F0}.Debug|Any CPU.ActiveCfg = Debug|Any CPU
		{079BD6CA-AD43-47AF-9B5D-CCE9F693F4F0}.Debug|Any CPU.Build.0 = Debug|Any CPU
		{079BD6CA-AD43-47AF-9B5D-CCE9F693F4F0}.Debug|x64.ActiveCfg = Debug|x86
		{079BD6CA-AD43-47AF-9B5D-CCE9F693F4F0}.Debug|x86.ActiveCfg = Debug|x86
		{079BD6CA-AD43-47AF-9B5D-CCE9F693F4F0}.Debug|x86.Build.0 = Debug|x86
		{079BD6CA-AD43-47AF-9B5D-CCE9F693F4F0}.Release|Any CPU.ActiveCfg = Release|Any CPU
		{079BD6CA-AD43-47AF-9B5D-CCE9F693F4F0}.Release|Any CPU.Build.0 = Release|Any CPU
		{079BD6CA-AD43-47AF-9B5D-CCE9F693F4F0}.Release|x64.ActiveCfg = Release|x86
		{079BD6CA-AD43-47AF-9B5D-CCE9F693F4F0}.Release|x86.ActiveCfg = Release|x86
		{079BD6CA-AD43-47AF-9B5D-CCE9F693F4F0}.Release|x86.Build.0 = Release|x86
		{FB52029B-04DF-4C06-B7DD-2F6CD4E12516}.Debug|Any CPU.ActiveCfg = Debug|Any CPU
		{FB52029B-04DF-4C06-B7DD-2F6CD4E12516}.Debug|Any CPU.Build.0 = Debug|Any CPU
		{FB52029B-04DF-4C06-B7DD-2F6CD4E12516}.Debug|x64.ActiveCfg = Debug|x86
		{FB52029B-04DF-4C06-B7DD-2F6CD4E12516}.Debug|x86.ActiveCfg = Debug|x86
		{FB52029B-04DF-4C06-B7DD-2F6CD4E12516}.Debug|x86.Build.0 = Debug|x86
		{FB52029B-04DF-4C06-B7DD-2F6CD4E12516}.Release|Any CPU.ActiveCfg = Release|Any CPU
		{FB52029B-04DF-4C06-B7DD-2F6CD4E12516}.Release|Any CPU.Build.0 = Release|Any CPU
		{FB52029B-04DF-4C06-B7DD-2F6CD4E12516}.Release|x64.ActiveCfg = Release|x86
		{FB52029B-04DF-4C06-B7DD-2F6CD4E12516}.Release|x86.ActiveCfg = Release|x86
		{FB52029B-04DF-4C06-B7DD-2F6CD4E12516}.Release|x86.Build.0 = Release|x86
		{4F350E28-BE6C-4C04-BF38-3EEF0CE4A5B7}.Debug|Any CPU.ActiveCfg = Debug|Any CPU
		{4F350E28-BE6C-4C04-BF38-3EEF0CE4A5B7}.Debug|Any CPU.Build.0 = Debug|Any CPU
		{4F350E28-BE6C-4C04-BF38-3EEF0CE4A5B7}.Debug|x64.ActiveCfg = Debug|x86
		{4F350E28-BE6C-4C04-BF38-3EEF0CE4A5B7}.Debug|x86.ActiveCfg = Debug|x86
		{4F350E28-BE6C-4C04-BF38-3EEF0CE4A5B7}.Debug|x86.Build.0 = Debug|x86
		{4F350E28-BE6C-4C04-BF38-3EEF0CE4A5B7}.Release|Any CPU.ActiveCfg = Release|Any CPU
		{4F350E28-BE6C-4C04-BF38-3EEF0CE4A5B7}.Release|Any CPU.Build.0 = Release|Any CPU
		{4F350E28-BE6C-4C04-BF38-3EEF0CE4A5B7}.Release|x64.ActiveCfg = Release|x86
		{4F350E28-BE6C-4C04-BF38-3EEF0CE4A5B7}.Release|x86.ActiveCfg = Release|x86
		{4F350E28-BE6C-4C04-BF38-3EEF0CE4A5B7}.Release|x86.Build.0 = Release|x86
		{010B5E95-2C39-4DB5-A8C5-AEBBD91D291E}.Debug|Any CPU.ActiveCfg = Debug|Any CPU
		{010B5E95-2C39-4DB5-A8C5-AEBBD91D291E}.Debug|Any CPU.Build.0 = Debug|Any CPU
		{010B5E95-2C39-4DB5-A8C5-AEBBD91D291E}.Debug|x64.ActiveCfg = Debug|x86
		{010B5E95-2C39-4DB5-A8C5-AEBBD91D291E}.Debug|x86.ActiveCfg = Debug|x86
		{010B5E95-2C39-4DB5-A8C5-AEBBD91D291E}.Debug|x86.Build.0 = Debug|x86
		{010B5E95-2C39-4DB5-A8C5-AEBBD91D291E}.Release|Any CPU.ActiveCfg = Release|Any CPU
		{010B5E95-2C39-4DB5-A8C5-AEBBD91D291E}.Release|Any CPU.Build.0 = Release|Any CPU
		{010B5E95-2C39-4DB5-A8C5-AEBBD91D291E}.Release|x64.ActiveCfg = Release|x86
		{010B5E95-2C39-4DB5-A8C5-AEBBD91D291E}.Release|x86.ActiveCfg = Release|x86
		{010B5E95-2C39-4DB5-A8C5-AEBBD91D291E}.Release|x86.Build.0 = Release|x86
		{CE83C71A-3DAC-4B6B-B3AB-196D398151C2}.Debug|Any CPU.ActiveCfg = Debug|Any CPU
		{CE83C71A-3DAC-4B6B-B3AB-196D398151C2}.Debug|Any CPU.Build.0 = Debug|Any CPU
		{CE83C71A-3DAC-4B6B-B3AB-196D398151C2}.Debug|x64.ActiveCfg = Debug|x86
		{CE83C71A-3DAC-4B6B-B3AB-196D398151C2}.Debug|x86.ActiveCfg = Debug|x86
		{CE83C71A-3DAC-4B6B-B3AB-196D398151C2}.Debug|x86.Build.0 = Debug|x86
		{CE83C71A-3DAC-4B6B-B3AB-196D398151C2}.Release|Any CPU.ActiveCfg = Release|Any CPU
		{CE83C71A-3DAC-4B6B-B3AB-196D398151C2}.Release|Any CPU.Build.0 = Release|Any CPU
		{CE83C71A-3DAC-4B6B-B3AB-196D398151C2}.Release|x64.ActiveCfg = Release|x86
		{CE83C71A-3DAC-4B6B-B3AB-196D398151C2}.Release|x86.ActiveCfg = Release|x86
		{CE83C71A-3DAC-4B6B-B3AB-196D398151C2}.Release|x86.Build.0 = Release|x86
		{C4A8EAB3-3103-4A3B-918A-337760E138C6}.Debug|Any CPU.ActiveCfg = Debug
		{C4A8EAB3-3103-4A3B-918A-337760E138C6}.Debug|x64.ActiveCfg = Debug
		{C4A8EAB3-3103-4A3B-918A-337760E138C6}.Debug|x64.Build.0 = Debug
		{C4A8EAB3-3103-4A3B-918A-337760E138C6}.Debug|x86.ActiveCfg = Debug
		{C4A8EAB3-3103-4A3B-918A-337760E138C6}.Release|Any CPU.ActiveCfg = Release
		{C4A8EAB3-3103-4A3B-918A-337760E138C6}.Release|x64.ActiveCfg = Release
		{C4A8EAB3-3103-4A3B-918A-337760E138C6}.Release|x64.Build.0 = Release
		{C4A8EAB3-3103-4A3B-918A-337760E138C6}.Release|x86.ActiveCfg = Release
	EndGlobalSection
	GlobalSection(SolutionProperties) = preSolution
		HideSolutionNode = FALSE
	EndGlobalSection
EndGlobal
